
Microsoft Visual Studio Solution File, Format Version 12.00
# Visual Studio Version 16
VisualStudioVersion = 16.0.30611.23
MinimumVisualStudioVersion = 10.0.40219.1
Project("{FAE04EC0-301F-11D3-BF4B-00C04F79EFBC}") = "Ornek1", "Ornek1\Ornek1.csproj", "{E9F98BAD-61FD-40BB-8EC4-BD7E6312AB2F}"
EndProject
Project("{FAE04EC0-301F-11D3-BF4B-00C04F79EFBC}") = "Ornek2", "Ornek2\Ornek2.csproj", "{FEFB68F6-E62D-4B60-ACD5-658BAF4D38F4}"
EndProject
Project("{FAE04EC0-301F-11D3-BF4B-00C04F79EFBC}") = "Ornek3", "Ornek3\Ornek3.csproj", "{F3303399-9F56-4065-995E-AE6B818AB430}"
EndProject
Project("{FAE04EC0-301F-11D3-BF4B-00C04F79EFBC}") = "Ornek4", "Ornek4\Ornek4.csproj", "{9F8F5127-DD85-4D11-BAC9-CAE483B75B65}"
EndProject
Project("{FAE04EC0-301F-11D3-BF4B-00C04F79EFBC}") = "Ornek5", "Ornek5\Ornek5.csproj", "{6F48E536-F9AB-468E-A1AC-BDA818270C82}"
EndProject
Project("{FAE04EC0-301F-11D3-BF4B-00C04F79EFBC}") = "Ornek6", "Ornek6\Ornek6.csproj", "{981F4DD2-56CE-4323-BBEE-5312851A390F}"
EndProject
Project("{FAE04EC0-301F-11D3-BF4B-00C04F79EFBC}") = "Ornek7", "Ornek7\Ornek7.csproj", "{1669241C-423C-4349-9B83-124B5568ED44}"
EndProject
Project("{FAE04EC0-301F-11D3-BF4B-00C04F79EFBC}") = "Ornek8", "Ornek8\Ornek8.csproj", "{339B1DAF-981F-4D28-B529-408AFEC36E5F}"
EndProject
Project("{FAE04EC0-301F-11D3-BF4B-00C04F79EFBC}") = "Ornek9", "Ornek9\Ornek9.csproj", "{97FA2BD5-4970-4992-A6C7-EC3EC0E69046}"
EndProject
Project("{FAE04EC0-301F-11D3-BF4B-00C04F79EFBC}") = "Ornek10", "Ornek10\Ornek10.csproj", "{E9400D48-DFAA-49C7-8AFA-565783A26E84}"
EndProject
Project("{FAE04EC0-301F-11D3-BF4B-00C04F79EFBC}") = "Ornek11", "Ornek11\Ornek11.csproj", "{75F6CD25-1D80-4B4C-8843-96374762C416}"
EndProject
Project("{FAE04EC0-301F-11D3-BF4B-00C04F79EFBC}") = "Ornek12", "Ornek12\Ornek12.csproj", "{24CCA7F5-4B86-4BD5-9F45-746DF2A114DF}"
EndProject
Project("{FAE04EC0-301F-11D3-BF4B-00C04F79EFBC}") = "Ornek13", "Ornek13\Ornek13.csproj", "{698EA63B-4411-45D9-81C9-F1F0C213C60F}"
EndProject
Project("{FAE04EC0-301F-11D3-BF4B-00C04F79EFBC}") = "Ornek14", "Ornek14\Ornek14.csproj", "{33EC8278-C111-4824-B55B-12ADCAADE09C}"
EndProject
Project("{FAE04EC0-301F-11D3-BF4B-00C04F79EFBC}") = "Ornek15", "Ornek15\Ornek15.csproj", "{4C621303-2FB2-42D7-8E30-8B11743456AF}"
EndProject
Project("{FAE04EC0-301F-11D3-BF4B-00C04F79EFBC}") = "Ornek16", "Ornek16\Ornek16.csproj", "{43776403-F06D-4D86-B4B3-72BB27459B0E}"
EndProject
Project("{FAE04EC0-301F-11D3-BF4B-00C04F79EFBC}") = "Ornek17", "Ornek17\Ornek17.csproj", "{080A5E07-2FBB-4E40-AF48-B0FB3485BA11}"
EndProject
Project("{FAE04EC0-301F-11D3-BF4B-00C04F79EFBC}") = "Ornek18", "Ornek18\Ornek18.csproj", "{BB931138-461F-489E-AB20-ADAA06E0F057}"
EndProject
Project("{FAE04EC0-301F-11D3-BF4B-00C04F79EFBC}") = "Ornek19", "Ornek19\Ornek19.csproj", "{31D327D8-AFAC-460F-B307-697D6DA3E265}"
EndProject
Project("{FAE04EC0-301F-11D3-BF4B-00C04F79EFBC}") = "Ornek20", "Ornek20\Ornek20.csproj", "{78C1F991-C3DE-4DFA-879D-CEA3AB93ED12}"
EndProject
Project("{FAE04EC0-301F-11D3-BF4B-00C04F79EFBC}") = "Ornek21", "Ornek21\Ornek21.csproj", "{FFB82623-07FA-4D16-B483-3DA6A3C0E1B7}"
EndProject
Project("{FAE04EC0-301F-11D3-BF4B-00C04F79EFBC}") = "Ornek22", "Ornek22\Ornek22.csproj", "{BE50A8BA-5079-4CD1-809E-7197A540E0C9}"
EndProject
Project("{FAE04EC0-301F-11D3-BF4B-00C04F79EFBC}") = "Ornek23", "Ornek23\Ornek23.csproj", "{AF643FEC-3CDD-4D74-BECD-5586945F138B}"
EndProject
Project("{FAE04EC0-301F-11D3-BF4B-00C04F79EFBC}") = "Ornek24", "Ornek24\Ornek24.csproj", "{86483C8D-3850-4966-A35A-55C2A8D818BA}"
EndProject
Project("{FAE04EC0-301F-11D3-BF4B-00C04F79EFBC}") = "Ornek25", "Ornek25\Ornek25.csproj", "{8CE07037-4547-475D-A17C-2FB24EB7CBB9}"
EndProject
Project("{FAE04EC0-301F-11D3-BF4B-00C04F79EFBC}") = "Ornek26", "Ornek26\Ornek26.csproj", "{F01CDE8A-9203-4762-A723-9E3F8995F830}"
EndProject
Project("{FAE04EC0-301F-11D3-BF4B-00C04F79EFBC}") = "Ornek27", "Ornek27\Ornek27.csproj", "{ACF05A62-9921-496A-9E99-59B1F38E8001}"
EndProject
Project("{FAE04EC0-301F-11D3-BF4B-00C04F79EFBC}") = "Ornek28", "Ornek28\Ornek28.csproj", "{39564087-2F1D-4A24-B794-6A2A746207CC}"
EndProject
Project("{FAE04EC0-301F-11D3-BF4B-00C04F79EFBC}") = "Ornek29", "Ornek29\Ornek29.csproj", "{FEC6D3B0-30E7-4541-A1F1-B79DBC0870C9}"
EndProject
Project("{FAE04EC0-301F-11D3-BF4B-00C04F79EFBC}") = "Ornek30", "Ornek30\Ornek30.csproj", "{99EA3820-D6BB-431B-9058-8BFF3F1944EF}"
EndProject
Project("{FAE04EC0-301F-11D3-BF4B-00C04F79EFBC}") = "Ornek31", "Ornek31\Ornek31.csproj", "{3CD1B400-5267-4B7A-881F-A885F45A3169}"
EndProject
Project("{FAE04EC0-301F-11D3-BF4B-00C04F79EFBC}") = "Ornek32", "Ornek32\Ornek32.csproj", "{825ED996-99CB-4EC5-AECC-A3500B8A93A1}"
EndProject
Project("{FAE04EC0-301F-11D3-BF4B-00C04F79EFBC}") = "Ornek33", "Ornek33\Ornek33.csproj", "{C94629CD-06D7-4DFD-BC6B-DF46B477B652}"
EndProject
Project("{FAE04EC0-301F-11D3-BF4B-00C04F79EFBC}") = "Ornek34", "Ornek34\Ornek34.csproj", "{48FE4E72-E24C-4080-B9CB-ED1EA14F2B86}"
EndProject
Project("{FAE04EC0-301F-11D3-BF4B-00C04F79EFBC}") = "Ornek35", "Ornek35\Ornek35.csproj", "{A7E649B2-65C1-4677-AF71-5F8143A84678}"
EndProject
Project("{FAE04EC0-301F-11D3-BF4B-00C04F79EFBC}") = "Ornek36", "Ornek36\Ornek36.csproj", "{E02AC3DC-9469-4CC0-B804-F3F896300663}"
EndProject
Global
	GlobalSection(SolutionConfigurationPlatforms) = preSolution
		Debug|Any CPU = Debug|Any CPU
		Release|Any CPU = Release|Any CPU
	EndGlobalSection
	GlobalSection(ProjectConfigurationPlatforms) = postSolution
		{E9F98BAD-61FD-40BB-8EC4-BD7E6312AB2F}.Debug|Any CPU.ActiveCfg = Debug|Any CPU
		{E9F98BAD-61FD-40BB-8EC4-BD7E6312AB2F}.Debug|Any CPU.Build.0 = Debug|Any CPU
		{E9F98BAD-61FD-40BB-8EC4-BD7E6312AB2F}.Release|Any CPU.ActiveCfg = Release|Any CPU
		{E9F98BAD-61FD-40BB-8EC4-BD7E6312AB2F}.Release|Any CPU.Build.0 = Release|Any CPU
		{FEFB68F6-E62D-4B60-ACD5-658BAF4D38F4}.Debug|Any CPU.ActiveCfg = Debug|Any CPU
		{FEFB68F6-E62D-4B60-ACD5-658BAF4D38F4}.Debug|Any CPU.Build.0 = Debug|Any CPU
		{FEFB68F6-E62D-4B60-ACD5-658BAF4D38F4}.Release|Any CPU.ActiveCfg = Release|Any CPU
		{FEFB68F6-E62D-4B60-ACD5-658BAF4D38F4}.Release|Any CPU.Build.0 = Release|Any CPU
		{F3303399-9F56-4065-995E-AE6B818AB430}.Debug|Any CPU.ActiveCfg = Debug|Any CPU
		{F3303399-9F56-4065-995E-AE6B818AB430}.Debug|Any CPU.Build.0 = Debug|Any CPU
		{F3303399-9F56-4065-995E-AE6B818AB430}.Release|Any CPU.ActiveCfg = Release|Any CPU
		{F3303399-9F56-4065-995E-AE6B818AB430}.Release|Any CPU.Build.0 = Release|Any CPU
		{9F8F5127-DD85-4D11-BAC9-CAE483B75B65}.Debug|Any CPU.ActiveCfg = Debug|Any CPU
		{9F8F5127-DD85-4D11-BAC9-CAE483B75B65}.Debug|Any CPU.Build.0 = Debug|Any CPU
		{9F8F5127-DD85-4D11-BAC9-CAE483B75B65}.Release|Any CPU.ActiveCfg = Release|Any CPU
		{9F8F5127-DD85-4D11-BAC9-CAE483B75B65}.Release|Any CPU.Build.0 = Release|Any CPU
		{6F48E536-F9AB-468E-A1AC-BDA818270C82}.Debug|Any CPU.ActiveCfg = Debug|Any CPU
		{6F48E536-F9AB-468E-A1AC-BDA818270C82}.Debug|Any CPU.Build.0 = Debug|Any CPU
		{6F48E536-F9AB-468E-A1AC-BDA818270C82}.Release|Any CPU.ActiveCfg = Release|Any CPU
		{6F48E536-F9AB-468E-A1AC-BDA818270C82}.Release|Any CPU.Build.0 = Release|Any CPU
		{981F4DD2-56CE-4323-BBEE-5312851A390F}.Debug|Any CPU.ActiveCfg = Debug|Any CPU
		{981F4DD2-56CE-4323-BBEE-5312851A390F}.Debug|Any CPU.Build.0 = Debug|Any CPU
		{981F4DD2-56CE-4323-BBEE-5312851A390F}.Release|Any CPU.ActiveCfg = Release|Any CPU
		{981F4DD2-56CE-4323-BBEE-5312851A390F}.Release|Any CPU.Build.0 = Release|Any CPU
		{1669241C-423C-4349-9B83-124B5568ED44}.Debug|Any CPU.ActiveCfg = Debug|Any CPU
		{1669241C-423C-4349-9B83-124B5568ED44}.Debug|Any CPU.Build.0 = Debug|Any CPU
		{1669241C-423C-4349-9B83-124B5568ED44}.Release|Any CPU.ActiveCfg = Release|Any CPU
		{1669241C-423C-4349-9B83-124B5568ED44}.Release|Any CPU.Build.0 = Release|Any CPU
		{339B1DAF-981F-4D28-B529-408AFEC36E5F}.Debug|Any CPU.ActiveCfg = Debug|Any CPU
		{339B1DAF-981F-4D28-B529-408AFEC36E5F}.Debug|Any CPU.Build.0 = Debug|Any CPU
		{339B1DAF-981F-4D28-B529-408AFEC36E5F}.Release|Any CPU.ActiveCfg = Release|Any CPU
		{339B1DAF-981F-4D28-B529-408AFEC36E5F}.Release|Any CPU.Build.0 = Release|Any CPU
		{97FA2BD5-4970-4992-A6C7-EC3EC0E69046}.Debug|Any CPU.ActiveCfg = Debug|Any CPU
		{97FA2BD5-4970-4992-A6C7-EC3EC0E69046}.Debug|Any CPU.Build.0 = Debug|Any CPU
		{97FA2BD5-4970-4992-A6C7-EC3EC0E69046}.Release|Any CPU.ActiveCfg = Release|Any CPU
		{97FA2BD5-4970-4992-A6C7-EC3EC0E69046}.Release|Any CPU.Build.0 = Release|Any CPU
		{E9400D48-DFAA-49C7-8AFA-565783A26E84}.Debug|Any CPU.ActiveCfg = Debug|Any CPU
		{E9400D48-DFAA-49C7-8AFA-565783A26E84}.Debug|Any CPU.Build.0 = Debug|Any CPU
		{E9400D48-DFAA-49C7-8AFA-565783A26E84}.Release|Any CPU.ActiveCfg = Release|Any CPU
		{E9400D48-DFAA-49C7-8AFA-565783A26E84}.Release|Any CPU.Build.0 = Release|Any CPU
		{75F6CD25-1D80-4B4C-8843-96374762C416}.Debug|Any CPU.ActiveCfg = Debug|Any CPU
		{75F6CD25-1D80-4B4C-8843-96374762C416}.Debug|Any CPU.Build.0 = Debug|Any CPU
		{75F6CD25-1D80-4B4C-8843-96374762C416}.Release|Any CPU.ActiveCfg = Release|Any CPU
		{75F6CD25-1D80-4B4C-8843-96374762C416}.Release|Any CPU.Build.0 = Release|Any CPU
		{24CCA7F5-4B86-4BD5-9F45-746DF2A114DF}.Debug|Any CPU.ActiveCfg = Debug|Any CPU
		{24CCA7F5-4B86-4BD5-9F45-746DF2A114DF}.Debug|Any CPU.Build.0 = Debug|Any CPU
		{24CCA7F5-4B86-4BD5-9F45-746DF2A114DF}.Release|Any CPU.ActiveCfg = Release|Any CPU
		{24CCA7F5-4B86-4BD5-9F45-746DF2A114DF}.Release|Any CPU.Build.0 = Release|Any CPU
		{698EA63B-4411-45D9-81C9-F1F0C213C60F}.Debug|Any CPU.ActiveCfg = Debug|Any CPU
		{698EA63B-4411-45D9-81C9-F1F0C213C60F}.Debug|Any CPU.Build.0 = Debug|Any CPU
		{698EA63B-4411-45D9-81C9-F1F0C213C60F}.Release|Any CPU.ActiveCfg = Release|Any CPU
		{698EA63B-4411-45D9-81C9-F1F0C213C60F}.Release|Any CPU.Build.0 = Release|Any CPU
		{33EC8278-C111-4824-B55B-12ADCAADE09C}.Debug|Any CPU.ActiveCfg = Debug|Any CPU
		{33EC8278-C111-4824-B55B-12ADCAADE09C}.Debug|Any CPU.Build.0 = Debug|Any CPU
		{33EC8278-C111-4824-B55B-12ADCAADE09C}.Release|Any CPU.ActiveCfg = Release|Any CPU
		{33EC8278-C111-4824-B55B-12ADCAADE09C}.Release|Any CPU.Build.0 = Release|Any CPU
		{4C621303-2FB2-42D7-8E30-8B11743456AF}.Debug|Any CPU.ActiveCfg = Debug|Any CPU
		{4C621303-2FB2-42D7-8E30-8B11743456AF}.Debug|Any CPU.Build.0 = Debug|Any CPU
		{4C621303-2FB2-42D7-8E30-8B11743456AF}.Release|Any CPU.ActiveCfg = Release|Any CPU
		{4C621303-2FB2-42D7-8E30-8B11743456AF}.Release|Any CPU.Build.0 = Release|Any CPU
		{43776403-F06D-4D86-B4B3-72BB27459B0E}.Debug|Any CPU.ActiveCfg = Debug|Any CPU
		{43776403-F06D-4D86-B4B3-72BB27459B0E}.Debug|Any CPU.Build.0 = Debug|Any CPU
		{43776403-F06D-4D86-B4B3-72BB27459B0E}.Release|Any CPU.ActiveCfg = Release|Any CPU
		{43776403-F06D-4D86-B4B3-72BB27459B0E}.Release|Any CPU.Build.0 = Release|Any CPU
		{080A5E07-2FBB-4E40-AF48-B0FB3485BA11}.Debug|Any CPU.ActiveCfg = Debug|Any CPU
		{080A5E07-2FBB-4E40-AF48-B0FB3485BA11}.Debug|Any CPU.Build.0 = Debug|Any CPU
		{080A5E07-2FBB-4E40-AF48-B0FB3485BA11}.Release|Any CPU.ActiveCfg = Release|Any CPU
		{080A5E07-2FBB-4E40-AF48-B0FB3485BA11}.Release|Any CPU.Build.0 = Release|Any CPU
		{BB931138-461F-489E-AB20-ADAA06E0F057}.Debug|Any CPU.ActiveCfg = Debug|Any CPU
		{BB931138-461F-489E-AB20-ADAA06E0F057}.Debug|Any CPU.Build.0 = Debug|Any CPU
		{BB931138-461F-489E-AB20-ADAA06E0F057}.Release|Any CPU.ActiveCfg = Release|Any CPU
		{BB931138-461F-489E-AB20-ADAA06E0F057}.Release|Any CPU.Build.0 = Release|Any CPU
		{31D327D8-AFAC-460F-B307-697D6DA3E265}.Debug|Any CPU.ActiveCfg = Debug|Any CPU
		{31D327D8-AFAC-460F-B307-697D6DA3E265}.Debug|Any CPU.Build.0 = Debug|Any CPU
		{31D327D8-AFAC-460F-B307-697D6DA3E265}.Release|Any CPU.ActiveCfg = Release|Any CPU
		{31D327D8-AFAC-460F-B307-697D6DA3E265}.Release|Any CPU.Build.0 = Release|Any CPU
		{78C1F991-C3DE-4DFA-879D-CEA3AB93ED12}.Debug|Any CPU.ActiveCfg = Debug|Any CPU
		{78C1F991-C3DE-4DFA-879D-CEA3AB93ED12}.Debug|Any CPU.Build.0 = Debug|Any CPU
		{78C1F991-C3DE-4DFA-879D-CEA3AB93ED12}.Release|Any CPU.ActiveCfg = Release|Any CPU
		{78C1F991-C3DE-4DFA-879D-CEA3AB93ED12}.Release|Any CPU.Build.0 = Release|Any CPU
		{FFB82623-07FA-4D16-B483-3DA6A3C0E1B7}.Debug|Any CPU.ActiveCfg = Debug|Any CPU
		{FFB82623-07FA-4D16-B483-3DA6A3C0E1B7}.Debug|Any CPU.Build.0 = Debug|Any CPU
		{FFB82623-07FA-4D16-B483-3DA6A3C0E1B7}.Release|Any CPU.ActiveCfg = Release|Any CPU
		{FFB82623-07FA-4D16-B483-3DA6A3C0E1B7}.Release|Any CPU.Build.0 = Release|Any CPU
		{BE50A8BA-5079-4CD1-809E-7197A540E0C9}.Debug|Any CPU.ActiveCfg = Debug|Any CPU
		{BE50A8BA-5079-4CD1-809E-7197A540E0C9}.Debug|Any CPU.Build.0 = Debug|Any CPU
		{BE50A8BA-5079-4CD1-809E-7197A540E0C9}.Release|Any CPU.ActiveCfg = Release|Any CPU
		{BE50A8BA-5079-4CD1-809E-7197A540E0C9}.Release|Any CPU.Build.0 = Release|Any CPU
		{AF643FEC-3CDD-4D74-BECD-5586945F138B}.Debug|Any CPU.ActiveCfg = Debug|Any CPU
		{AF643FEC-3CDD-4D74-BECD-5586945F138B}.Debug|Any CPU.Build.0 = Debug|Any CPU
		{AF643FEC-3CDD-4D74-BECD-5586945F138B}.Release|Any CPU.ActiveCfg = Release|Any CPU
		{AF643FEC-3CDD-4D74-BECD-5586945F138B}.Release|Any CPU.Build.0 = Release|Any CPU
		{86483C8D-3850-4966-A35A-55C2A8D818BA}.Debug|Any CPU.ActiveCfg = Debug|Any CPU
		{86483C8D-3850-4966-A35A-55C2A8D818BA}.Debug|Any CPU.Build.0 = Debug|Any CPU
		{86483C8D-3850-4966-A35A-55C2A8D818BA}.Release|Any CPU.ActiveCfg = Release|Any CPU
		{86483C8D-3850-4966-A35A-55C2A8D818BA}.Release|Any CPU.Build.0 = Release|Any CPU
		{8CE07037-4547-475D-A17C-2FB24EB7CBB9}.Debug|Any CPU.ActiveCfg = Debug|Any CPU
		{8CE07037-4547-475D-A17C-2FB24EB7CBB9}.Debug|Any CPU.Build.0 = Debug|Any CPU
		{8CE07037-4547-475D-A17C-2FB24EB7CBB9}.Release|Any CPU.ActiveCfg = Release|Any CPU
		{8CE07037-4547-475D-A17C-2FB24EB7CBB9}.Release|Any CPU.Build.0 = Release|Any CPU
		{F01CDE8A-9203-4762-A723-9E3F8995F830}.Debug|Any CPU.ActiveCfg = Debug|Any CPU
		{F01CDE8A-9203-4762-A723-9E3F8995F830}.Debug|Any CPU.Build.0 = Debug|Any CPU
		{F01CDE8A-9203-4762-A723-9E3F8995F830}.Release|Any CPU.ActiveCfg = Release|Any CPU
		{F01CDE8A-9203-4762-A723-9E3F8995F830}.Release|Any CPU.Build.0 = Release|Any CPU
		{ACF05A62-9921-496A-9E99-59B1F38E8001}.Debug|Any CPU.ActiveCfg = Debug|Any CPU
		{ACF05A62-9921-496A-9E99-59B1F38E8001}.Debug|Any CPU.Build.0 = Debug|Any CPU
		{ACF05A62-9921-496A-9E99-59B1F38E8001}.Release|Any CPU.ActiveCfg = Release|Any CPU
		{ACF05A62-9921-496A-9E99-59B1F38E8001}.Release|Any CPU.Build.0 = Release|Any CPU
		{39564087-2F1D-4A24-B794-6A2A746207CC}.Debug|Any CPU.ActiveCfg = Debug|Any CPU
		{39564087-2F1D-4A24-B794-6A2A746207CC}.Debug|Any CPU.Build.0 = Debug|Any CPU
		{39564087-2F1D-4A24-B794-6A2A746207CC}.Release|Any CPU.ActiveCfg = Release|Any CPU
		{39564087-2F1D-4A24-B794-6A2A746207CC}.Release|Any CPU.Build.0 = Release|Any CPU
		{FEC6D3B0-30E7-4541-A1F1-B79DBC0870C9}.Debug|Any CPU.ActiveCfg = Debug|Any CPU
		{FEC6D3B0-30E7-4541-A1F1-B79DBC0870C9}.Debug|Any CPU.Build.0 = Debug|Any CPU
		{FEC6D3B0-30E7-4541-A1F1-B79DBC0870C9}.Release|Any CPU.ActiveCfg = Release|Any CPU
		{FEC6D3B0-30E7-4541-A1F1-B79DBC0870C9}.Release|Any CPU.Build.0 = Release|Any CPU
		{99EA3820-D6BB-431B-9058-8BFF3F1944EF}.Debug|Any CPU.ActiveCfg = Debug|Any CPU
		{99EA3820-D6BB-431B-9058-8BFF3F1944EF}.Debug|Any CPU.Build.0 = Debug|Any CPU
		{99EA3820-D6BB-431B-9058-8BFF3F1944EF}.Release|Any CPU.ActiveCfg = Release|Any CPU
		{99EA3820-D6BB-431B-9058-8BFF3F1944EF}.Release|Any CPU.Build.0 = Release|Any CPU
		{3CD1B400-5267-4B7A-881F-A885F45A3169}.Debug|Any CPU.ActiveCfg = Debug|Any CPU
		{3CD1B400-5267-4B7A-881F-A885F45A3169}.Debug|Any CPU.Build.0 = Debug|Any CPU
		{3CD1B400-5267-4B7A-881F-A885F45A3169}.Release|Any CPU.ActiveCfg = Release|Any CPU
		{3CD1B400-5267-4B7A-881F-A885F45A3169}.Release|Any CPU.Build.0 = Release|Any CPU
		{825ED996-99CB-4EC5-AECC-A3500B8A93A1}.Debug|Any CPU.ActiveCfg = Debug|Any CPU
		{825ED996-99CB-4EC5-AECC-A3500B8A93A1}.Debug|Any CPU.Build.0 = Debug|Any CPU
		{825ED996-99CB-4EC5-AECC-A3500B8A93A1}.Release|Any CPU.ActiveCfg = Release|Any CPU
		{825ED996-99CB-4EC5-AECC-A3500B8A93A1}.Release|Any CPU.Build.0 = Release|Any CPU
		{C94629CD-06D7-4DFD-BC6B-DF46B477B652}.Debug|Any CPU.ActiveCfg = Debug|Any CPU
		{C94629CD-06D7-4DFD-BC6B-DF46B477B652}.Debug|Any CPU.Build.0 = Debug|Any CPU
		{C94629CD-06D7-4DFD-BC6B-DF46B477B652}.Release|Any CPU.ActiveCfg = Release|Any CPU
		{C94629CD-06D7-4DFD-BC6B-DF46B477B652}.Release|Any CPU.Build.0 = Release|Any CPU
		{48FE4E72-E24C-4080-B9CB-ED1EA14F2B86}.Debug|Any CPU.ActiveCfg = Debug|Any CPU
		{48FE4E72-E24C-4080-B9CB-ED1EA14F2B86}.Debug|Any CPU.Build.0 = Debug|Any CPU
		{48FE4E72-E24C-4080-B9CB-ED1EA14F2B86}.Release|Any CPU.ActiveCfg = Release|Any CPU
		{48FE4E72-E24C-4080-B9CB-ED1EA14F2B86}.Release|Any CPU.Build.0 = Release|Any CPU
		{A7E649B2-65C1-4677-AF71-5F8143A84678}.Debug|Any CPU.ActiveCfg = Debug|Any CPU
		{A7E649B2-65C1-4677-AF71-5F8143A84678}.Debug|Any CPU.Build.0 = Debug|Any CPU
		{A7E649B2-65C1-4677-AF71-5F8143A84678}.Release|Any CPU.ActiveCfg = Release|Any CPU
		{A7E649B2-65C1-4677-AF71-5F8143A84678}.Release|Any CPU.Build.0 = Release|Any CPU
		{E02AC3DC-9469-4CC0-B804-F3F896300663}.Debug|Any CPU.ActiveCfg = Debug|Any CPU
		{E02AC3DC-9469-4CC0-B804-F3F896300663}.Debug|Any CPU.Build.0 = Debug|Any CPU
		{E02AC3DC-9469-4CC0-B804-F3F896300663}.Release|Any CPU.ActiveCfg = Release|Any CPU
		{E02AC3DC-9469-4CC0-B804-F3F896300663}.Release|Any CPU.Build.0 = Release|Any CPU
	EndGlobalSection
	GlobalSection(SolutionProperties) = preSolution
		HideSolutionNode = FALSE
	EndGlobalSection
	GlobalSection(ExtensibilityGlobals) = postSolution
		SolutionGuid = {4D5A0673-A934-485E-BC07-B2ACBB4E5A32}
	EndGlobalSection
EndGlobal
